
Microsoft Visual Studio Solution File, Format Version 12.00
# Visual Studio 15
VisualStudioVersion = 15.0.28307.329
MinimumVisualStudioVersion = 10.0.40219.1
Project("{2150E333-8FDC-42A3-9474-1A3956D46DE8}") = "Survey", "Survey", "{1500DEDA-F250-4639-AC29-C9B671DBEF9B}"
EndProject
Project("{2150E333-8FDC-42A3-9474-1A3956D46DE8}") = "Service Bus Demos", "Service Bus Demos", "{C58919F1-E4F8-4BC4-9E4F-FE3E9800C19A}"
EndProject
Project("{2150E333-8FDC-42A3-9474-1A3956D46DE8}") = "Fleet Updates Demo", "Fleet Updates Demo", "{D7AA6F05-7F19-4481-95E0-780BE927E712}"
EndProject
Project("{9A19103F-16F7-4668-BE54-9A1E7A4F7556}") = "ServiceBusDemos", "ServiceBusDemos\ServiceBusDemos.csproj", "{77984A7F-20EC-4AF0-B77B-4CCE90FD4E98}"
EndProject
Global
	GlobalSection(SolutionConfigurationPlatforms) = preSolution
		Debug|Any CPU = Debug|Any CPU
		Release|Any CPU = Release|Any CPU
	EndGlobalSection
	GlobalSection(ProjectConfigurationPlatforms) = postSolution
		{77984A7F-20EC-4AF0-B77B-4CCE90FD4E98}.Debug|Any CPU.ActiveCfg = Debug|Any CPU
		{77984A7F-20EC-4AF0-B77B-4CCE90FD4E98}.Debug|Any CPU.Build.0 = Debug|Any CPU
		{77984A7F-20EC-4AF0-B77B-4CCE90FD4E98}.Release|Any CPU.ActiveCfg = Release|Any CPU
		{77984A7F-20EC-4AF0-B77B-4CCE90FD4E98}.Release|Any CPU.Build.0 = Release|Any CPU
	EndGlobalSection
	GlobalSection(SolutionProperties) = preSolution
		HideSolutionNode = FALSE
	EndGlobalSection
	GlobalSection(NestedProjects) = preSolution
		{77984A7F-20EC-4AF0-B77B-4CCE90FD4E98} = {C58919F1-E4F8-4BC4-9E4F-FE3E9800C19A}
	EndGlobalSection
	GlobalSection(ExtensibilityGlobals) = postSolution
		SolutionGuid = {7D3C18B7-6A2A-4E9A-9812-55D815E0D4B3}
	EndGlobalSection
EndGlobal
